
Microsoft Visual Studio Solution File, Format Version 12.00
# Visual Studio Version 16
VisualStudioVersion = 16.0.30503.244
MinimumVisualStudioVersion = 10.0.40219.1
Project("{9A19103F-16F7-4668-BE54-9A1E7A4F7556}") = "SampleWebApi", "SampleWebApi\SampleWebApi.csproj", "{CB3AFF19-44A3-4B57-B53B-6730A35AD6FA}"
EndProject
Project("{2150E333-8FDC-42A3-9474-1A3956D46DE8}") = "Solution Items", "Solution Items", "{0F8ECD7E-C591-481F-A1DF-222E6E2D4E1F}"
	ProjectSection(SolutionItems) = preProject
		.editorconfig = .editorconfig
	EndProjectSection
EndProject
Project("{9A19103F-16F7-4668-BE54-9A1E7A4F7556}") = "DataAccessLayer", "DataAccessLayer\DataAccessLayer.csproj", "{784243EF-723F-4E56-9270-0B59312E6A82}"
EndProject
Project("{9A19103F-16F7-4668-BE54-9A1E7A4F7556}") = "BussinessModels", "BussinessModels\BussinessModels.csproj", "{4CBAF908-AC4E-429E-8D48-FCA45FAADA6D}"
EndProject
Project("{9A19103F-16F7-4668-BE54-9A1E7A4F7556}") = "BussinessLogicLayer", "BussinessLogicLayer\BussinessLogicLayer.csproj", "{2669CCA5-D2CD-4EBA-A6EA-7141013253E2}"
EndProject
Project("{FAE04EC0-301F-11D3-BF4B-00C04F79EFBC}") = "UserManagement", "UserManagement\UserManagement.csproj", "{2475EB87-F16E-4EBB-A735-FD92B39AA7D2}"
EndProject
Global
	GlobalSection(SolutionConfigurationPlatforms) = preSolution
		Debug|Any CPU = Debug|Any CPU
		Release|Any CPU = Release|Any CPU
	EndGlobalSection
	GlobalSection(ProjectConfigurationPlatforms) = postSolution
		{CB3AFF19-44A3-4B57-B53B-6730A35AD6FA}.Debug|Any CPU.ActiveCfg = Debug|Any CPU
		{CB3AFF19-44A3-4B57-B53B-6730A35AD6FA}.Debug|Any CPU.Build.0 = Debug|Any CPU
		{CB3AFF19-44A3-4B57-B53B-6730A35AD6FA}.Release|Any CPU.ActiveCfg = Release|Any CPU
		{CB3AFF19-44A3-4B57-B53B-6730A35AD6FA}.Release|Any CPU.Build.0 = Release|Any CPU
		{784243EF-723F-4E56-9270-0B59312E6A82}.Debug|Any CPU.ActiveCfg = Debug|Any CPU
		{784243EF-723F-4E56-9270-0B59312E6A82}.Debug|Any CPU.Build.0 = Debug|Any CPU
		{784243EF-723F-4E56-9270-0B59312E6A82}.Release|Any CPU.ActiveCfg = Release|Any CPU
		{784243EF-723F-4E56-9270-0B59312E6A82}.Release|Any CPU.Build.0 = Release|Any CPU
		{4CBAF908-AC4E-429E-8D48-FCA45FAADA6D}.Debug|Any CPU.ActiveCfg = Debug|Any CPU
		{4CBAF908-AC4E-429E-8D48-FCA45FAADA6D}.Debug|Any CPU.Build.0 = Debug|Any CPU
		{4CBAF908-AC4E-429E-8D48-FCA45FAADA6D}.Release|Any CPU.ActiveCfg = Release|Any CPU
		{4CBAF908-AC4E-429E-8D48-FCA45FAADA6D}.Release|Any CPU.Build.0 = Release|Any CPU
		{2669CCA5-D2CD-4EBA-A6EA-7141013253E2}.Debug|Any CPU.ActiveCfg = Debug|Any CPU
		{2669CCA5-D2CD-4EBA-A6EA-7141013253E2}.Debug|Any CPU.Build.0 = Debug|Any CPU
		{2669CCA5-D2CD-4EBA-A6EA-7141013253E2}.Release|Any CPU.ActiveCfg = Release|Any CPU
		{2669CCA5-D2CD-4EBA-A6EA-7141013253E2}.Release|Any CPU.Build.0 = Release|Any CPU
		{2475EB87-F16E-4EBB-A735-FD92B39AA7D2}.Debug|Any CPU.ActiveCfg = Debug|Any CPU
		{2475EB87-F16E-4EBB-A735-FD92B39AA7D2}.Debug|Any CPU.Build.0 = Debug|Any CPU
		{2475EB87-F16E-4EBB-A735-FD92B39AA7D2}.Release|Any CPU.ActiveCfg = Release|Any CPU
		{2475EB87-F16E-4EBB-A735-FD92B39AA7D2}.Release|Any CPU.Build.0 = Release|Any CPU
	EndGlobalSection
	GlobalSection(SolutionProperties) = preSolution
		HideSolutionNode = FALSE
	EndGlobalSection
	GlobalSection(ExtensibilityGlobals) = postSolution
		SolutionGuid = {C7666575-35BD-454D-B14C-FCE99E106F70}
	EndGlobalSection
EndGlobal
